
Microsoft Visual Studio Solution File, Format Version 12.00
# Visual Studio Version 17
VisualStudioVersion = 17.6.33712.159
MinimumVisualStudioVersion = 10.0.40219.1
Project("{9A19103F-16F7-4668-BE54-9A1E7A4F7556}") = "Settings", "RandomizerSettings\Settings.csproj", "{8FC0E661-3837-4103-8CF1-46B918D63A9F}"
EndProject
Project("{FAE04EC0-301F-11D3-BF4B-00C04F79EFBC}") = "Randomizer", "RandomizerMod\Randomizer.csproj", "{4C1A84CB-62F0-4F83-A316-8DDC136C09F9}"
EndProject
Global
	GlobalSection(SolutionConfigurationPlatforms) = preSolution
		Debug|Any CPU = Debug|Any CPU
		Release|Any CPU = Release|Any CPU
		Wpf|Any CPU = Wpf|Any CPU
	EndGlobalSection
	GlobalSection(ProjectConfigurationPlatforms) = postSolution
		{8FC0E661-3837-4103-8CF1-46B918D63A9F}.Debug|Any CPU.ActiveCfg = Debug|Any CPU
		{8FC0E661-3837-4103-8CF1-46B918D63A9F}.Debug|Any CPU.Build.0 = Debug|Any CPU
		{8FC0E661-3837-4103-8CF1-46B918D63A9F}.Release|Any CPU.ActiveCfg = Release|Any CPU
		{8FC0E661-3837-4103-8CF1-46B918D63A9F}.Release|Any CPU.Build.0 = Release|Any CPU
		{8FC0E661-3837-4103-8CF1-46B918D63A9F}.Wpf|Any CPU.ActiveCfg = Wpf|Any CPU
		{8FC0E661-3837-4103-8CF1-46B918D63A9F}.Wpf|Any CPU.Build.0 = Wpf|Any CPU
		{4C1A84CB-62F0-4F83-A316-8DDC136C09F9}.Debug|Any CPU.ActiveCfg = Debug|Any CPU
		{4C1A84CB-62F0-4F83-A316-8DDC136C09F9}.Debug|Any CPU.Build.0 = Debug|Any CPU
		{4C1A84CB-62F0-4F83-A316-8DDC136C09F9}.Release|Any CPU.ActiveCfg = Release|Any CPU
		{4C1A84CB-62F0-4F83-A316-8DDC136C09F9}.Release|Any CPU.Build.0 = Release|Any CPU
		{4C1A84CB-62F0-4F83-A316-8DDC136C09F9}.Wpf|Any CPU.ActiveCfg = Wpf|Any CPU
		{4C1A84CB-62F0-4F83-A316-8DDC136C09F9}.Wpf|Any CPU.Build.0 = Wpf|Any CPU
	EndGlobalSection
	GlobalSection(SolutionProperties) = preSolution
		HideSolutionNode = FALSE
	EndGlobalSection
	GlobalSection(ExtensibilityGlobals) = postSolution
		SolutionGuid = {B2E51842-20C1-4214-B2D0-29C1AFE6ECA5}
	EndGlobalSection
EndGlobal
